
Microsoft Visual Studio Solution File, Format Version 12.00
# Visual Studio Version 17
VisualStudioVersion = 17.11.35312.102
MinimumVisualStudioVersion = 10.0.40219.1
Project("{9A19103F-16F7-4668-BE54-9A1E7A4F7556}") = "TemporaryConsoleClient", "TemporaryConsoleClient\TemporaryConsoleClient.csproj", "{F2767C11-8663-42A6-8B02-F2D5C3ACC0CB}"
EndProject
Project("{9A19103F-16F7-4668-BE54-9A1E7A4F7556}") = "ServerInfo", "..\common\ServerInfo\ServerInfo.csproj", "{982B5C22-E801-477C-94B5-3FBA9FD50483}"
EndProject
Project("{9A19103F-16F7-4668-BE54-9A1E7A4F7556}") = "CommonClient", "..\common\CommonClient\CommonClient.csproj", "{0DA3C725-8547-49BB-905C-2FF2A99AC3B6}"
EndProject
Project("{FAE04EC0-301F-11D3-BF4B-00C04F79EFBC}") = "Controller", "..\common\Controller\Controller.csproj", "{3346C7EC-5012-476E-8348-2C0F6318E2F4}"
EndProject
Global
	GlobalSection(SolutionConfigurationPlatforms) = preSolution
		Debug|Any CPU = Debug|Any CPU
		Release|Any CPU = Release|Any CPU
	EndGlobalSection
	GlobalSection(ProjectConfigurationPlatforms) = postSolution
		{F2767C11-8663-42A6-8B02-F2D5C3ACC0CB}.Debug|Any CPU.ActiveCfg = Debug|Any CPU
		{F2767C11-8663-42A6-8B02-F2D5C3ACC0CB}.Debug|Any CPU.Build.0 = Debug|Any CPU
		{F2767C11-8663-42A6-8B02-F2D5C3ACC0CB}.Release|Any CPU.ActiveCfg = Release|Any CPU
		{F2767C11-8663-42A6-8B02-F2D5C3ACC0CB}.Release|Any CPU.Build.0 = Release|Any CPU
		{982B5C22-E801-477C-94B5-3FBA9FD50483}.Debug|Any CPU.ActiveCfg = Debug|Any CPU
		{982B5C22-E801-477C-94B5-3FBA9FD50483}.Debug|Any CPU.Build.0 = Debug|Any CPU
		{982B5C22-E801-477C-94B5-3FBA9FD50483}.Release|Any CPU.ActiveCfg = Release|Any CPU
		{982B5C22-E801-477C-94B5-3FBA9FD50483}.Release|Any CPU.Build.0 = Release|Any CPU
		{0DA3C725-8547-49BB-905C-2FF2A99AC3B6}.Debug|Any CPU.ActiveCfg = Debug|Any CPU
		{0DA3C725-8547-49BB-905C-2FF2A99AC3B6}.Debug|Any CPU.Build.0 = Debug|Any CPU
		{0DA3C725-8547-49BB-905C-2FF2A99AC3B6}.Release|Any CPU.ActiveCfg = Release|Any CPU
		{0DA3C725-8547-49BB-905C-2FF2A99AC3B6}.Release|Any CPU.Build.0 = Release|Any CPU
		{3346C7EC-5012-476E-8348-2C0F6318E2F4}.Debug|Any CPU.ActiveCfg = Debug|Any CPU
		{3346C7EC-5012-476E-8348-2C0F6318E2F4}.Debug|Any CPU.Build.0 = Debug|Any CPU
		{3346C7EC-5012-476E-8348-2C0F6318E2F4}.Release|Any CPU.ActiveCfg = Release|Any CPU
		{3346C7EC-5012-476E-8348-2C0F6318E2F4}.Release|Any CPU.Build.0 = Release|Any CPU
	EndGlobalSection
	GlobalSection(SolutionProperties) = preSolution
		HideSolutionNode = FALSE
	EndGlobalSection
	GlobalSection(ExtensibilityGlobals) = postSolution
		SolutionGuid = {DDCD917A-9CC7-4CB2-9D04-A437F58BDC51}
	EndGlobalSection
EndGlobal
