
Microsoft Visual Studio Solution File, Format Version 12.00
# Visual Studio Version 17
VisualStudioVersion = 17.11.35312.102
MinimumVisualStudioVersion = 10.0.40219.1
Project("{FAE04EC0-301F-11D3-BF4B-00C04F79EFBC}") = "Monitor", "Monitor\Monitor.csproj", "{FC3F9B60-2CFA-4339-B794-E41670D21DC0}"
EndProject
Global
	GlobalSection(SolutionConfigurationPlatforms) = preSolution
		Debug|Any CPU = Debug|Any CPU
		Release|Any CPU = Release|Any CPU
	EndGlobalSection
	GlobalSection(ProjectConfigurationPlatforms) = postSolution
		{FC3F9B60-2CFA-4339-B794-E41670D21DC0}.Debug|Any CPU.ActiveCfg = Debug|Any CPU
		{FC3F9B60-2CFA-4339-B794-E41670D21DC0}.Debug|Any CPU.Build.0 = Debug|Any CPU
		{FC3F9B60-2CFA-4339-B794-E41670D21DC0}.Release|Any CPU.ActiveCfg = Release|Any CPU
		{FC3F9B60-2CFA-4339-B794-E41670D21DC0}.Release|Any CPU.Build.0 = Release|Any CPU
	EndGlobalSection
	GlobalSection(SolutionProperties) = preSolution
		HideSolutionNode = FALSE
	EndGlobalSection
	GlobalSection(ExtensibilityGlobals) = postSolution
		SolutionGuid = {AD297E7A-B6D6-446C-87E2-E1BFDDC895E8}
	EndGlobalSection
EndGlobal
