
Microsoft Visual Studio Solution File, Format Version 12.00
# Visual Studio Version 17
VisualStudioVersion = 17.9.34622.214
MinimumVisualStudioVersion = 10.0.40219.1
Project("{FAE04EC0-301F-11D3-BF4B-00C04F79EFBC}") = "ControllerInputSample", "ControllerInputSample\ControllerInputSample.csproj", "{2E3754F6-CE1F-412F-A5C6-AED09385B687}"
EndProject
Global
	GlobalSection(SolutionConfigurationPlatforms) = preSolution
		Debug|Any CPU = Debug|Any CPU
		Release|Any CPU = Release|Any CPU
	EndGlobalSection
	GlobalSection(ProjectConfigurationPlatforms) = postSolution
		{2E3754F6-CE1F-412F-A5C6-AED09385B687}.Debug|Any CPU.ActiveCfg = Debug|Any CPU
		{2E3754F6-CE1F-412F-A5C6-AED09385B687}.Debug|Any CPU.Build.0 = Debug|Any CPU
		{2E3754F6-CE1F-412F-A5C6-AED09385B687}.Debug|Any CPU.Deploy.0 = Debug|Any CPU
		{2E3754F6-CE1F-412F-A5C6-AED09385B687}.Release|Any CPU.ActiveCfg = Release|Any CPU
		{2E3754F6-CE1F-412F-A5C6-AED09385B687}.Release|Any CPU.Build.0 = Release|Any CPU
		{2E3754F6-CE1F-412F-A5C6-AED09385B687}.Release|Any CPU.Deploy.0 = Release|Any CPU
	EndGlobalSection
	GlobalSection(SolutionProperties) = preSolution
		HideSolutionNode = FALSE
	EndGlobalSection
	GlobalSection(ExtensibilityGlobals) = postSolution
		SolutionGuid = {B0B6C9A4-05FF-4014-924E-D94CB0DFE6F7}
	EndGlobalSection
EndGlobal
